schema: '2.0'
stages:
  split:
    cmd: python src/data/split_data.py
    deps:
    - path: data/raw/raw.csv
      hash: md5
      md5: 617b56af2992376d5c3e91ad80823898
      size: 333757
    - path: src/data/split_data.py
      hash: md5
      md5: f4ce621fa7185c996070b05c5759880a
      size: 1524
    outs:
    - path: data/processed/X_test.csv
      hash: md5
      md5: b2af62a7e108b077aec89fa2622996db
      size: 52624
    - path: data/processed/X_train.csv
      hash: md5
      md5: 535251fa6c1a1d098cc7a36e0bd62f38
      size: 209468
    - path: data/processed/y_test.csv
      hash: md5
      md5: a051d29629c8bbb4cfb7e85c7f0315da
      size: 6456
    - path: data/processed/y_train.csv
      hash: md5
      md5: a9cd9d91da89f732843d72548f64ded3
      size: 25951
  normalize:
    cmd: python src/data/normalize_data.py
    deps:
    - path: data/processed/X_test.csv
      hash: md5
      md5: b2af62a7e108b077aec89fa2622996db
      size: 52624
    - path: data/processed/X_train.csv
      hash: md5
      md5: 535251fa6c1a1d098cc7a36e0bd62f38
      size: 209468
    - path: src/data/normalize_data.py
      hash: md5
      md5: 667eb88c20216413607db4466797ae65
      size: 1033
    outs:
    - path: data/processed/X_test_scaled.csv
      hash: md5
      md5: 5e079189af6bd091d651a89fafb1c290
      size: 57026
    - path: data/processed/X_train_scaled.csv
      hash: md5
      md5: c1b80eb7f083888b625dd0369cf381f8
      size: 227497
    - path: models/scaler.pkl
      hash: md5
      md5: 7146498e9c400cf5c00044261202d065
      size: 1143
  grid_search:
    cmd: python src/models/grid_search.py
    deps:
    - path: data/processed/X_train_scaled.csv
      hash: md5
      md5: c1b80eb7f083888b625dd0369cf381f8
      size: 227497
    - path: data/processed/y_train.csv
      hash: md5
      md5: a9cd9d91da89f732843d72548f64ded3
      size: 25951
    - path: src/models/grid_search.py
      hash: md5
      md5: 609655abfa3af2377fea6aa6a77da311
      size: 1284
    outs:
    - path: models/best_params.pkl
      hash: md5
      md5: ee4c37234cc61b769ea775b96cc8994a
      size: 94
  train:
    cmd: python src/models/train_model.py
    deps:
    - path: data/processed/X_train_scaled.csv
      hash: md5
      md5: c1b80eb7f083888b625dd0369cf381f8
      size: 227497
    - path: data/processed/y_train.csv
      hash: md5
      md5: a9cd9d91da89f732843d72548f64ded3
      size: 25951
    - path: models/best_params.pkl
      hash: md5
      md5: ee4c37234cc61b769ea775b96cc8994a
      size: 94
    - path: src/models/train_model.py
      hash: md5
      md5: 76bbd543ef64291b4b2ad334136535c7
      size: 978
    outs:
    - path: models/trained_model.pkl
      hash: md5
      md5: dbeb13edc2e762499139774b9a3f57e6
      size: 324939
  evaluate:
    cmd: python src/models/evaluate_model.py
    deps:
    - path: data/processed/X_test_scaled.csv
      hash: md5
      md5: 5e079189af6bd091d651a89fafb1c290
      size: 57026
    - path: data/processed/y_test.csv
      hash: md5
      md5: a051d29629c8bbb4cfb7e85c7f0315da
      size: 6456
    - path: models/trained_model.pkl
      hash: md5
      md5: dbeb13edc2e762499139774b9a3f57e6
      size: 324939
    - path: src/models/evaluate_model.py
      hash: md5
      md5: cc2147ffc738e1fc2e2c38e8b9bd4726
      size: 1282
    outs:
    - path: data/processed/predictions.csv
      hash: md5
      md5: 46750e15d50963c909ae14bff600032f
      size: 13223
    - path: metrics/scores.json
      hash: md5
      md5: acd7ff710bb45b49751b2cbc3d5ae764
      size: 125
